
Microsoft Visual Studio Solution File, Format Version 12.00
# Visual Studio Version 16
VisualStudioVersion = 16.0.28705.295
MinimumVisualStudioVersion = 10.0.40219.1
Project("{FAE04EC0-301F-11D3-BF4B-00C04F79EFBC}") = "Sample-WinForms-RxNET-SPS", "Sample-WinForms-RxNET-SPS.csproj", "{1FA3A521-B1E5-4E03-9551-85508A212FE4}"
EndProject
Global
	GlobalSection(SolutionConfigurationPlatforms) = preSolution
		Debug|Any CPU = Debug|Any CPU
		Release|Any CPU = Release|Any CPU
	EndGlobalSection
	GlobalSection(ProjectConfigurationPlatforms) = postSolution
		{1FA3A521-B1E5-4E03-9551-85508A212FE4}.Debug|Any CPU.ActiveCfg = Debug|Any CPU
		{1FA3A521-B1E5-4E03-9551-85508A212FE4}.Debug|Any CPU.Build.0 = Debug|Any CPU
		{1FA3A521-B1E5-4E03-9551-85508A212FE4}.Release|Any CPU.ActiveCfg = Release|Any CPU
		{1FA3A521-B1E5-4E03-9551-85508A212FE4}.Release|Any CPU.Build.0 = Release|Any CPU
	EndGlobalSection
	GlobalSection(SolutionProperties) = preSolution
		HideSolutionNode = FALSE
	EndGlobalSection
	GlobalSection(ExtensibilityGlobals) = postSolution
		SolutionGuid = {64CDEDB9-A0AB-410F-AB66-F1BC75E7D5F0}
	EndGlobalSection
EndGlobal
